
Microsoft Visual Studio Solution File, Format Version 12.00
# Visual Studio Version 17
VisualStudioVersion = 17.1.32104.313
MinimumVisualStudioVersion = 10.0.40219.1
Project("{9A19103F-16F7-4668-BE54-9A1E7A4F7556}") = "Fluent.IO.Path", "Fluent.IO.Path\Fluent.IO.Path.csproj", "{563C59FD-4289-4D19-B31C-6971025D5CED}"
EndProject
Project("{9A19103F-16F7-4668-BE54-9A1E7A4F7556}") = "Fluent.IO.Windows", "Fluent.IO.Windows\Fluent.IO.Windows.csproj", "{A625E670-091B-42A5-912D-C02A71CB5B9F}"
EndProject
Project("{9A19103F-16F7-4668-BE54-9A1E7A4F7556}") = "Fluent.IO.Zip", "Fluent.IO.Zip\Fluent.IO.Zip.csproj", "{57F31829-D263-4682-991B-F224E7FB479B}"
EndProject
Project("{2150E333-8FDC-42A3-9474-1A3956D46DE8}") = "Samples", "Samples", "{7B279C38-9D17-46DC-8B4D-B705A6334729}"
EndProject
Project("{2150E333-8FDC-42A3-9474-1A3956D46DE8}") = "Tests", "Tests", "{C71E0DB7-0F82-4A93-B280-70CE34129DA3}"
EndProject
Project("{9A19103F-16F7-4668-BE54-9A1E7A4F7556}") = "PutMoviesInFolders", "..\samples\PutMoviesInFolders\PutMoviesInFolders.csproj", "{8A2F2A74-D13E-49C6-8ACB-B96B906026ED}"
EndProject
Project("{9A19103F-16F7-4668-BE54-9A1E7A4F7556}") = "FluentPathTest", "..\tests\FluentPathTest\FluentPathTest.csproj", "{0FC41A9E-13E7-4502-A077-5268267C24A3}"
EndProject
Project("{9A19103F-16F7-4668-BE54-9A1E7A4F7556}") = "FluentPathSpec", "..\tests\FluentPathSpec\FluentPathSpec.csproj", "{720BAE80-32BB-4429-B63B-DD7090D3A3AA}"
EndProject
Project("{FAE04EC0-301F-11D3-BF4B-00C04F79EFBC}") = "UnzipAndAlphabetize", "..\samples\UnzipAndAlphabetize\UnzipAndAlphabetize.csproj", "{259B5B95-7DE6-46FA-8750-006510D92A83}"
EndProject
Global
	GlobalSection(SolutionConfigurationPlatforms) = preSolution
		Debug|Any CPU = Debug|Any CPU
		Release|Any CPU = Release|Any CPU
	EndGlobalSection
	GlobalSection(ProjectConfigurationPlatforms) = postSolution
		{563C59FD-4289-4D19-B31C-6971025D5CED}.Debug|Any CPU.ActiveCfg = Debug|Any CPU
		{563C59FD-4289-4D19-B31C-6971025D5CED}.Debug|Any CPU.Build.0 = Debug|Any CPU
		{563C59FD-4289-4D19-B31C-6971025D5CED}.Release|Any CPU.ActiveCfg = Release|Any CPU
		{563C59FD-4289-4D19-B31C-6971025D5CED}.Release|Any CPU.Build.0 = Release|Any CPU
		{A625E670-091B-42A5-912D-C02A71CB5B9F}.Debug|Any CPU.ActiveCfg = Debug|Any CPU
		{A625E670-091B-42A5-912D-C02A71CB5B9F}.Debug|Any CPU.Build.0 = Debug|Any CPU
		{A625E670-091B-42A5-912D-C02A71CB5B9F}.Release|Any CPU.ActiveCfg = Release|Any CPU
		{A625E670-091B-42A5-912D-C02A71CB5B9F}.Release|Any CPU.Build.0 = Release|Any CPU
		{57F31829-D263-4682-991B-F224E7FB479B}.Debug|Any CPU.ActiveCfg = Debug|Any CPU
		{57F31829-D263-4682-991B-F224E7FB479B}.Debug|Any CPU.Build.0 = Debug|Any CPU
		{57F31829-D263-4682-991B-F224E7FB479B}.Release|Any CPU.ActiveCfg = Release|Any CPU
		{57F31829-D263-4682-991B-F224E7FB479B}.Release|Any CPU.Build.0 = Release|Any CPU
		{8A2F2A74-D13E-49C6-8ACB-B96B906026ED}.Debug|Any CPU.ActiveCfg = Debug|Any CPU
		{8A2F2A74-D13E-49C6-8ACB-B96B906026ED}.Debug|Any CPU.Build.0 = Debug|Any CPU
		{8A2F2A74-D13E-49C6-8ACB-B96B906026ED}.Release|Any CPU.ActiveCfg = Release|Any CPU
		{8A2F2A74-D13E-49C6-8ACB-B96B906026ED}.Release|Any CPU.Build.0 = Release|Any CPU
		{0FC41A9E-13E7-4502-A077-5268267C24A3}.Debug|Any CPU.ActiveCfg = Debug|Any CPU
		{0FC41A9E-13E7-4502-A077-5268267C24A3}.Debug|Any CPU.Build.0 = Debug|Any CPU
		{0FC41A9E-13E7-4502-A077-5268267C24A3}.Release|Any CPU.ActiveCfg = Release|Any CPU
		{0FC41A9E-13E7-4502-A077-5268267C24A3}.Release|Any CPU.Build.0 = Release|Any CPU
		{720BAE80-32BB-4429-B63B-DD7090D3A3AA}.Debug|Any CPU.ActiveCfg = Debug|Any CPU
		{720BAE80-32BB-4429-B63B-DD7090D3A3AA}.Debug|Any CPU.Build.0 = Debug|Any CPU
		{720BAE80-32BB-4429-B63B-DD7090D3A3AA}.Release|Any CPU.ActiveCfg = Release|Any CPU
		{720BAE80-32BB-4429-B63B-DD7090D3A3AA}.Release|Any CPU.Build.0 = Release|Any CPU
		{259B5B95-7DE6-46FA-8750-006510D92A83}.Debug|Any CPU.ActiveCfg = Debug|Any CPU
		{259B5B95-7DE6-46FA-8750-006510D92A83}.Debug|Any CPU.Build.0 = Debug|Any CPU
		{259B5B95-7DE6-46FA-8750-006510D92A83}.Release|Any CPU.ActiveCfg = Release|Any CPU
		{259B5B95-7DE6-46FA-8750-006510D92A83}.Release|Any CPU.Build.0 = Release|Any CPU
	EndGlobalSection
	GlobalSection(SolutionProperties) = preSolution
		HideSolutionNode = FALSE
	EndGlobalSection
	GlobalSection(NestedProjects) = preSolution
		{8A2F2A74-D13E-49C6-8ACB-B96B906026ED} = {7B279C38-9D17-46DC-8B4D-B705A6334729}
		{0FC41A9E-13E7-4502-A077-5268267C24A3} = {C71E0DB7-0F82-4A93-B280-70CE34129DA3}
		{720BAE80-32BB-4429-B63B-DD7090D3A3AA} = {C71E0DB7-0F82-4A93-B280-70CE34129DA3}
		{259B5B95-7DE6-46FA-8750-006510D92A83} = {7B279C38-9D17-46DC-8B4D-B705A6334729}
	EndGlobalSection
	GlobalSection(ExtensibilityGlobals) = postSolution
		SolutionGuid = {5DBB529D-DCD2-431A-BBDA-D838BB03C550}
	EndGlobalSection
EndGlobal
